
Microsoft Visual Studio Solution File, Format Version 12.00
# Visual Studio Version 17
VisualStudioVersion = 17.4.33213.308
MinimumVisualStudioVersion = 10.0.40219.1
Project("{2150E333-8FDC-42A3-9474-1A3956D46DE8}") = "IpCheck", "IpCheck", "{091CBB9B-83E2-451E-9BCB-381BD624518A}"
EndProject
Project("{9A19103F-16F7-4668-BE54-9A1E7A4F7556}") = "PlatformX.IpCheck.Types", "PlatformX.IpCheck.Types\PlatformX.IpCheck.Types.csproj", "{EC525FFB-4D1F-4E91-A202-6E4004C4319E}"
EndProject
Project("{2150E333-8FDC-42A3-9474-1A3956D46DE8}") = "BrowserCheck", "BrowserCheck", "{8A103CFD-DFAB-49AA-8862-620D342F9B87}"
EndProject
Project("{9A19103F-16F7-4668-BE54-9A1E7A4F7556}") = "PlatformX.BrowserCheck.Types", "PlatformX.BrowserCheck.Types\PlatformX.BrowserCheck.Types.csproj", "{0F218EAA-02D6-4AE9-834D-98F9EE976FCE}"
EndProject
Project("{2150E333-8FDC-42A3-9474-1A3956D46DE8}") = "MobileCheck", "MobileCheck", "{FAB8B9A4-EF5D-4B2A-9038-D4357C11AC70}"
EndProject
Project("{9A19103F-16F7-4668-BE54-9A1E7A4F7556}") = "PlatformX.MobileCheck.Types", "PlatformX.MobileCheck.Types\PlatformX.MobileCheck.Types.csproj", "{710FE6AC-CE28-4ACA-B4E1-7654C63DC551}"
EndProject
Project("{9A19103F-16F7-4668-BE54-9A1E7A4F7556}") = "PlatformX.Fraudguard", "PlatformX.Fraudguard\PlatformX.Fraudguard.csproj", "{BA4175EB-4BDD-4601-8295-351CB4B4827B}"
EndProject
Project("{9A19103F-16F7-4668-BE54-9A1E7A4F7556}") = "PlatformX.NumVerify", "PlatformX.NumVerify\PlatformX.NumVerify.csproj", "{9F95B7C1-F5FA-41FB-AB29-532AEE63EFD9}"
EndProject
Project("{9A19103F-16F7-4668-BE54-9A1E7A4F7556}") = "PlatformX.WIMB", "PlatformX.WIMB\PlatformX.WIMB.csproj", "{184BB88F-00D2-4226-8FA1-7FBDA73A71F3}"
EndProject
Project("{9A19103F-16F7-4668-BE54-9A1E7A4F7556}") = "PlatformX.WIMB.NTesting", "PlatformX.WIMB.NTesting\PlatformX.WIMB.NTesting.csproj", "{61C733AE-FAEB-45A8-8E88-77DAF7E527DA}"
EndProject
Project("{9A19103F-16F7-4668-BE54-9A1E7A4F7556}") = "PlatformX.FraudGuard.NTesting", "PlatformX.FraudGuard.NTesting\PlatformX.FraudGuard.NTesting.csproj", "{87BE5FCC-1E6A-4D32-9697-B20757082436}"
EndProject
Project("{9A19103F-16F7-4668-BE54-9A1E7A4F7556}") = "PlatformX.NumVerify.NTesting", "PlatformX.NumVerify.NTesting\PlatformX.NumVerify.NTesting.csproj", "{500198B0-7184-459D-9FE0-8E65E89EAC7B}"
EndProject
Project("{9A19103F-16F7-4668-BE54-9A1E7A4F7556}") = "PlatformX.ZeroBounce", "PlatformX.ZeroBounce\PlatformX.ZeroBounce.csproj", "{91D610AB-6F10-43DE-98D1-8FD2070B0ED7}"
EndProject
Project("{9A19103F-16F7-4668-BE54-9A1E7A4F7556}") = "PlatformX.ZeroBounce.NTesting", "PlatformX.ZeroBounce.NTesting\PlatformX.ZeroBounce.NTesting.csproj", "{422BA557-D2B9-45E7-9AA9-878D74DCEFB0}"
EndProject
Project("{9A19103F-16F7-4668-BE54-9A1E7A4F7556}") = "PlatformX.MailboxCheck.Types", "PlatformX.MailboxCheck.Types\PlatformX.MailboxCheck.Types.csproj", "{AA0A0B0B-C03A-4F28-97B1-806497D518DF}"
EndProject
Project("{2150E333-8FDC-42A3-9474-1A3956D46DE8}") = "MailboxCheck", "MailboxCheck", "{2A815908-E956-4A31-83C4-64ADD89832BE}"
EndProject
Global
	GlobalSection(SolutionConfigurationPlatforms) = preSolution
		Debug|Any CPU = Debug|Any CPU
		Release|Any CPU = Release|Any CPU
	EndGlobalSection
	GlobalSection(ProjectConfigurationPlatforms) = postSolution
		{EC525FFB-4D1F-4E91-A202-6E4004C4319E}.Debug|Any CPU.ActiveCfg = Debug|Any CPU
		{EC525FFB-4D1F-4E91-A202-6E4004C4319E}.Debug|Any CPU.Build.0 = Debug|Any CPU
		{EC525FFB-4D1F-4E91-A202-6E4004C4319E}.Release|Any CPU.ActiveCfg = Release|Any CPU
		{EC525FFB-4D1F-4E91-A202-6E4004C4319E}.Release|Any CPU.Build.0 = Release|Any CPU
		{0F218EAA-02D6-4AE9-834D-98F9EE976FCE}.Debug|Any CPU.ActiveCfg = Debug|Any CPU
		{0F218EAA-02D6-4AE9-834D-98F9EE976FCE}.Debug|Any CPU.Build.0 = Debug|Any CPU
		{0F218EAA-02D6-4AE9-834D-98F9EE976FCE}.Release|Any CPU.ActiveCfg = Release|Any CPU
		{0F218EAA-02D6-4AE9-834D-98F9EE976FCE}.Release|Any CPU.Build.0 = Release|Any CPU
		{710FE6AC-CE28-4ACA-B4E1-7654C63DC551}.Debug|Any CPU.ActiveCfg = Debug|Any CPU
		{710FE6AC-CE28-4ACA-B4E1-7654C63DC551}.Debug|Any CPU.Build.0 = Debug|Any CPU
		{710FE6AC-CE28-4ACA-B4E1-7654C63DC551}.Release|Any CPU.ActiveCfg = Release|Any CPU
		{710FE6AC-CE28-4ACA-B4E1-7654C63DC551}.Release|Any CPU.Build.0 = Release|Any CPU
		{BA4175EB-4BDD-4601-8295-351CB4B4827B}.Debug|Any CPU.ActiveCfg = Debug|Any CPU
		{BA4175EB-4BDD-4601-8295-351CB4B4827B}.Debug|Any CPU.Build.0 = Debug|Any CPU
		{BA4175EB-4BDD-4601-8295-351CB4B4827B}.Release|Any CPU.ActiveCfg = Release|Any CPU
		{BA4175EB-4BDD-4601-8295-351CB4B4827B}.Release|Any CPU.Build.0 = Release|Any CPU
		{9F95B7C1-F5FA-41FB-AB29-532AEE63EFD9}.Debug|Any CPU.ActiveCfg = Debug|Any CPU
		{9F95B7C1-F5FA-41FB-AB29-532AEE63EFD9}.Debug|Any CPU.Build.0 = Debug|Any CPU
		{9F95B7C1-F5FA-41FB-AB29-532AEE63EFD9}.Release|Any CPU.ActiveCfg = Release|Any CPU
		{9F95B7C1-F5FA-41FB-AB29-532AEE63EFD9}.Release|Any CPU.Build.0 = Release|Any CPU
		{184BB88F-00D2-4226-8FA1-7FBDA73A71F3}.Debug|Any CPU.ActiveCfg = Debug|Any CPU
		{184BB88F-00D2-4226-8FA1-7FBDA73A71F3}.Debug|Any CPU.Build.0 = Debug|Any CPU
		{184BB88F-00D2-4226-8FA1-7FBDA73A71F3}.Release|Any CPU.ActiveCfg = Release|Any CPU
		{184BB88F-00D2-4226-8FA1-7FBDA73A71F3}.Release|Any CPU.Build.0 = Release|Any CPU
		{61C733AE-FAEB-45A8-8E88-77DAF7E527DA}.Debug|Any CPU.ActiveCfg = Debug|Any CPU
		{61C733AE-FAEB-45A8-8E88-77DAF7E527DA}.Debug|Any CPU.Build.0 = Debug|Any CPU
		{61C733AE-FAEB-45A8-8E88-77DAF7E527DA}.Release|Any CPU.ActiveCfg = Release|Any CPU
		{61C733AE-FAEB-45A8-8E88-77DAF7E527DA}.Release|Any CPU.Build.0 = Release|Any CPU
		{87BE5FCC-1E6A-4D32-9697-B20757082436}.Debug|Any CPU.ActiveCfg = Debug|Any CPU
		{87BE5FCC-1E6A-4D32-9697-B20757082436}.Debug|Any CPU.Build.0 = Debug|Any CPU
		{87BE5FCC-1E6A-4D32-9697-B20757082436}.Release|Any CPU.ActiveCfg = Release|Any CPU
		{87BE5FCC-1E6A-4D32-9697-B20757082436}.Release|Any CPU.Build.0 = Release|Any CPU
		{500198B0-7184-459D-9FE0-8E65E89EAC7B}.Debug|Any CPU.ActiveCfg = Debug|Any CPU
		{500198B0-7184-459D-9FE0-8E65E89EAC7B}.Debug|Any CPU.Build.0 = Debug|Any CPU
		{500198B0-7184-459D-9FE0-8E65E89EAC7B}.Release|Any CPU.ActiveCfg = Release|Any CPU
		{500198B0-7184-459D-9FE0-8E65E89EAC7B}.Release|Any CPU.Build.0 = Release|Any CPU
		{91D610AB-6F10-43DE-98D1-8FD2070B0ED7}.Debug|Any CPU.ActiveCfg = Debug|Any CPU
		{91D610AB-6F10-43DE-98D1-8FD2070B0ED7}.Debug|Any CPU.Build.0 = Debug|Any CPU
		{91D610AB-6F10-43DE-98D1-8FD2070B0ED7}.Release|Any CPU.ActiveCfg = Release|Any CPU
		{91D610AB-6F10-43DE-98D1-8FD2070B0ED7}.Release|Any CPU.Build.0 = Release|Any CPU
		{422BA557-D2B9-45E7-9AA9-878D74DCEFB0}.Debug|Any CPU.ActiveCfg = Debug|Any CPU
		{422BA557-D2B9-45E7-9AA9-878D74DCEFB0}.Debug|Any CPU.Build.0 = Debug|Any CPU
		{422BA557-D2B9-45E7-9AA9-878D74DCEFB0}.Release|Any CPU.ActiveCfg = Release|Any CPU
		{422BA557-D2B9-45E7-9AA9-878D74DCEFB0}.Release|Any CPU.Build.0 = Release|Any CPU
		{AA0A0B0B-C03A-4F28-97B1-806497D518DF}.Debug|Any CPU.ActiveCfg = Debug|Any CPU
		{AA0A0B0B-C03A-4F28-97B1-806497D518DF}.Debug|Any CPU.Build.0 = Debug|Any CPU
		{AA0A0B0B-C03A-4F28-97B1-806497D518DF}.Release|Any CPU.ActiveCfg = Release|Any CPU
		{AA0A0B0B-C03A-4F28-97B1-806497D518DF}.Release|Any CPU.Build.0 = Release|Any CPU
	EndGlobalSection
	GlobalSection(SolutionProperties) = preSolution
		HideSolutionNode = FALSE
	EndGlobalSection
	GlobalSection(NestedProjects) = preSolution
		{EC525FFB-4D1F-4E91-A202-6E4004C4319E} = {091CBB9B-83E2-451E-9BCB-381BD624518A}
		{0F218EAA-02D6-4AE9-834D-98F9EE976FCE} = {8A103CFD-DFAB-49AA-8862-620D342F9B87}
		{710FE6AC-CE28-4ACA-B4E1-7654C63DC551} = {FAB8B9A4-EF5D-4B2A-9038-D4357C11AC70}
		{BA4175EB-4BDD-4601-8295-351CB4B4827B} = {091CBB9B-83E2-451E-9BCB-381BD624518A}
		{9F95B7C1-F5FA-41FB-AB29-532AEE63EFD9} = {FAB8B9A4-EF5D-4B2A-9038-D4357C11AC70}
		{184BB88F-00D2-4226-8FA1-7FBDA73A71F3} = {8A103CFD-DFAB-49AA-8862-620D342F9B87}
		{61C733AE-FAEB-45A8-8E88-77DAF7E527DA} = {8A103CFD-DFAB-49AA-8862-620D342F9B87}
		{87BE5FCC-1E6A-4D32-9697-B20757082436} = {091CBB9B-83E2-451E-9BCB-381BD624518A}
		{500198B0-7184-459D-9FE0-8E65E89EAC7B} = {FAB8B9A4-EF5D-4B2A-9038-D4357C11AC70}
		{91D610AB-6F10-43DE-98D1-8FD2070B0ED7} = {2A815908-E956-4A31-83C4-64ADD89832BE}
		{422BA557-D2B9-45E7-9AA9-878D74DCEFB0} = {2A815908-E956-4A31-83C4-64ADD89832BE}
		{AA0A0B0B-C03A-4F28-97B1-806497D518DF} = {2A815908-E956-4A31-83C4-64ADD89832BE}
	EndGlobalSection
	GlobalSection(ExtensibilityGlobals) = postSolution
		SolutionGuid = {48DD284E-3EAC-4498-9F1A-2AD87C8F19DE}
	EndGlobalSection
EndGlobal
